version = 1
revision = 2
requires-python = ">=3.13"

[[package]]
name = "certifi"
version = "2026.4.22"
source = { registry = "https://pypi.org/simple" }
sdist = { url = "https://files.pythonhosted.org/packages/25/ee/6caf7a40c36a1220410afe15a1cc64993a1f864871f698c0f93acb72842a/certifi-2026.4.22.tar.gz", hash = "sha256:8d455352a37b71bf76a79caa83a3d6c25afee4a385d632127b6afb3963f1c580", size = 137077, upload-time = "2026-04-22T11:26:11.191Z" }
wheels = [
    { url = "https://files.pythonhosted.org/packages/22/30/7cd8fdcdfbc5b869528b079bfb76dcdf6056b1a2097a662e5e8c04f42965/certifi-2026.4.22-py3-none-any.whl", hash = "sha256:3cb2210c8f88ba2318d29b0388d1023c8492ff72ecdde4ebdaddbb13a31b1c4a", size = 135707, upload-time = "2026-04-22T11:26:09.372Z" },
]

[[package]]
name = "httpx"
version = "1.0.dev3"
source = { registry = "https://pypi.org/simple" }
dependencies = [
    { name = "certifi" },
]
sdist = { url = "https://files.pythonhosted.org/packages/25/40/b6f25020eeafd822fc473394a5db45a5964a64c88788eb5dc49ffabb64e7/httpx-1.0.dev3.tar.gz", hash = "sha256:e95700e4f9cf6430295f4c195f9cb0ca0549bab4294927f8002bf196851d40db", size = 761377, upload-time = "2025-09-15T16:15:12.087Z" }
wheels = [
    { url = "https://files.pythonhosted.org/packages/97/8d/ff4f018c9a813994e28fabb998f8d76542fc2b46c1210d4c1b2c615eea7f/httpx-1.0.dev3-py3-none-any.whl", hash = "sha256:80b33db1bc8e1fac2a15f419839e324d472d528822608ea6b7a93fed2011722d", size = 34319, upload-time = "2025-09-15T16:15:10.458Z" },
]

[[package]]
name = "pydajet-metadata"
version = "0.0.0"
source = { editable = "." }
dependencies = [
    { name = "httpx" },
]

[package.metadata]
requires-dist = [{ name = "httpx", specifier = ">=1.0.dev3" }]
